hash: 8ddb4e3a60070e3fd8c5a5b756935164eb5ce707de793f1f20882f52fd56e310
updated: 2017-06-14T00:51:27.20336848+05:30
imports:
- name: github.com/asaskevich/govalidator
  version: 2c14e1cca90af49b3b21fe2d7aaa8cc7f9da2ff8
  repo: https://github.com/asaskevich/govalidator
- name: github.com/cstockton/go-conv
  version: 3b644f69dbf732338c8aaea4125d08ef4ff9fef1
  subpackages:
  - internal/refconv
  - internal/refutil
- name: github.com/flosch/pongo2
  version: 1d0f0d3af150c4a65dfd424d742f7374819e7d29
- name: github.com/fsnotify/fsnotify
  version: 4da3e2cfbabc9f751898f250b49f2439785783a1
- name: github.com/go-openapi/analysis
  version: d5a75b7d751ca3f11ad5d93cfe97405f2c3f6a47
  repo: https://github.com/go-openapi/analysis
- name: github.com/go-openapi/errors
  version: fc3f73a224499b047eda7191e5d22e1e9631e86f
  repo: https://github.com/go-openapi/errors
- name: github.com/go-openapi/inflect
  version: b1f6470ffb9c552dc105dd869f16e36ba86ba7d0
  repo: https://github.com/go-openapi/inflect
- name: github.com/go-openapi/jsonpointer
  version: 779f45308c19820f1a69e9a4cd965f496e0da10f
  repo: https://github.com/go-openapi/jsonpointer
- name: github.com/go-openapi/jsonreference
  version: 36d33bfe519efae5632669801b180bf1a245da3b
  repo: https://github.com/go-openapi/jsonreference
- name: github.com/go-openapi/loads
  version: 6bb6486231e079ea125c0f39994ed3d0c53399ed
  repo: https://github.com/go-openapi/loads
  subpackages:
  - fmts
- name: github.com/go-openapi/runtime
  version: e66a4c4406028a04ddafd6002c378ffd3db7e52b
  repo: https://github.com/go-openapi/runtime
- name: github.com/go-openapi/spec
  version: e51c28f07047ad90caff03f6450908720d337e0c
  repo: https://github.com/go-openapi/spec
- name: github.com/go-openapi/strfmt
  version: 93a31ef21ac23f317792fff78f9539219dd74619
  repo: https://github.com/go-openapi/strfmt
- name: github.com/go-openapi/swag
  version: aa30237cf993e01e1a1e467eead45d1ce5ad155e
- name: github.com/go-openapi/validate
  version: 035dcd74f1f61e83debe1c22950dc53556e7e4b2
  repo: https://github.com/go-openapi/validate
- name: github.com/go-swagger/go-swagger
  version: 0925bd9bdbce8c826211a417b520e203744dca63
  repo: git://github.com/grofers/go-swagger.git
  subpackages:
  - generator
- name: github.com/hashicorp/hcl
  version: 630949a3c5fa3c613328e1b8256052cbc2327c9b
  subpackages:
  - hcl/ast
  - hcl/parser
  - hcl/scanner
  - hcl/strconv
  - hcl/token
  - json/parser
  - json/scanner
  - json/token
- name: github.com/inconshreveable/mousetrap
  version: 76626ae9c91c4f2a10f34cad8ce83ea42c93bb75
- name: github.com/jmespath/go-jmespath
  version: 00188b135398219b940eafb0c41bd5ade35490e8
  repo: git://github.com/grofers/go-jmespath.git
- name: github.com/juju/errors
  version: 6f54ff6318409d31ff16261533ce2c8381a4fd5d
- name: github.com/kr/pretty
  version: cfb55aafdaf3ec08f0db22699ab822c50091b1c4
  repo: https://github.com/kr/pretty
- name: github.com/kr/text
  version: 7cafcd837844e784b526369c9bce262804aebc60
  repo: https://github.com/kr/text
- name: github.com/magiconair/properties
  version: 51463bfca2576e06c62a8504b5c0f06d61312647
- name: github.com/mailru/easyjson
  version: 2af9a745a611440bab0528e5ac19b2805a1c50eb
  subpackages:
  - buffer
  - jlexer
  - jwriter
- name: github.com/mitchellh/mapstructure
  version: 53818660ed4955e899c0bcafa97299a388bd7c8e
- name: github.com/oleiade/reflections
  version: bfcc97ebb7fe8fa8ccfe23554901ead8794bae07
  repo: git://github.com/grofers/reflections.git
- name: github.com/pelletier/go-buffruneio
  version: c37440a7cf42ac63b919c752ca73a85067e05992
  repo: https://github.com/pelletier/go-buffruneio
- name: github.com/pelletier/go-toml
  version: fe206efb84b2bc8e8cfafe6b4c1826622be969e3
- name: github.com/PuerkitoBio/purell
  version: b938d81255b5473c57635324295cb0fe398c7a58
  repo: https://github.com/PuerkitoBio/purell
- name: github.com/PuerkitoBio/urlesc
  version: bbf7a2afc14f93e1e0a5c06df524fbd75e5031e5
  repo: https://github.com/PuerkitoBio/urlesc
- name: github.com/spf13/afero
  version: 9be650865eab0c12963d8753212f4f9c66cdcf12
  subpackages:
  - mem
- name: github.com/spf13/cast
  version: acbeb36b902d72a7a4c18e8f3241075e7ab763e4
- name: github.com/spf13/cobra
  version: 10f6b9d7e1631a54ad07c5c0fb71c28a1abfd3c2
- name: github.com/spf13/jwalterweatherman
  version: fa7ca7e836cf3a8bb4ebf799f472c12d7e903d66
- name: github.com/spf13/pflag
  version: 2300d0f8576fe575f71aaa5b9bbe4e1b0dc2eb51
- name: github.com/spf13/viper
  version: 0967fc9aceab2ce9da34061253ac10fb99bba5b2
- name: golang.org/x/net
  version: d1e1b351919c6738fdeb9893d5c998b161464f0c
  repo: https://go.googlesource.com/net
  subpackages:
  - context
  - idna
  - netutil
- name: golang.org/x/sys
  version: f3918c30c5c2cb527c0b071a27c35120a6c0719a
  repo: https://go.googlesource.com/sys
  subpackages:
  - unix
- name: golang.org/x/text
  version: f4b4367115ec2de254587813edaa901bc1c723a8
  repo: https://go.googlesource.com/text
  subpackages:
  - secure/bidirule
  - transform
  - unicode/bidi
  - unicode/norm
  - width
- name: golang.org/x/tools
  version: 9bf174b4d3fab31065b140e4a69c6e6b17746806
  repo: https://go.googlesource.com/tools
  subpackages:
  - go/ast/astutil
  - go/buildutil
  - go/loader
  - imports
- name: gopkg.in/mgo.v2
  version: 3f83fa5005286a7fe593b055f0d7771a7dce4655
  repo: https://gopkg.in/mgo.v2
  subpackages:
  - bson
  - internal/json
- name: gopkg.in/yaml.v2
  version: cd8b52f8269e0feb286dfeef29f8fe4d5b397e0b
testImports: []
